
Microsoft Visual Studio Solution File, Format Version 12.00
# Visual Studio Version 17
VisualStudioVersion = 17.8.34330.188
MinimumVisualStudioVersion = 10.0.40219.1
Project("{2150E333-8FDC-42A3-9474-1A3956D46DE8}") = "CRM", "CRM", "{6102DA8F-7E7F-486B-AFCA-D833672E32CE}"
EndProject
Project("{9A19103F-16F7-4668-BE54-9A1E7A4F7556}") = "CRM.Infra", "Address.Infra\CRM.Infra.csproj", "{6C90FBC9-61B6-4DED-9EB8-C90854F01A11}"
EndProject
Project("{9A19103F-16F7-4668-BE54-9A1E7A4F7556}") = "CRM.WebAPI", "Address.WebAPI\CRM.WebAPI.csproj", "{1E908D1D-98FB-4D2C-B2D1-99CC84190A30}"
EndProject
Project("{2150E333-8FDC-42A3-9474-1A3956D46DE8}") = "Common", "Common", "{79B7E8D5-2FB2-445D-ACA9-F4EC84FED31D}"
EndProject
Project("{9A19103F-16F7-4668-BE54-9A1E7A4F7556}") = "LCMS.DTO", "LCMS.DTO\LCMS.DTO.csproj", "{1C0E0B1E-99BA-4238-89DB-6106CDCE8594}"
EndProject
Project("{2150E333-8FDC-42A3-9474-1A3956D46DE8}") = "CommonDBContext", "CommonDBContext", "{4DCDC050-9C11-495E-944D-DB07C5DAECC3}"
EndProject
Project("{9A19103F-16F7-4668-BE54-9A1E7A4F7556}") = "LCMS.Persistence", "LCMS.Persistence\LCMS.Persistence.csproj", "{9222A6E5-F752-4CF2-B86D-3D90DD684EFD}"
EndProject
Project("{9A19103F-16F7-4668-BE54-9A1E7A4F7556}") = "CRM.Application", "Address.Application\CRM.Application.csproj", "{47286D70-D734-4A1E-8944-6AA812D64D50}"
EndProject
Project("{9A19103F-16F7-4668-BE54-9A1E7A4F7556}") = "CRM.Domain", "Address.Domain\CRM.Domain.csproj", "{FA9C9B81-E771-456A-AFBF-F1E0565087DA}"
EndProject
Project("{FAE04EC0-301F-11D3-BF4B-00C04F79EFBC}") = "LCMS.Constants", "LCMS.Constants\LCMS.Constants.csproj", "{2C37B023-EE2D-4A88-9117-A708AC92DD58}"
EndProject
Project("{FAE04EC0-301F-11D3-BF4B-00C04F79EFBC}") = "Common.HttpClient", "Common.HttpClient\Common.HttpClient.csproj", "{BBD16D4A-5EF9-4E0D-B8A4-8D3639A54E26}"
EndProject
Project("{FAE04EC0-301F-11D3-BF4B-00C04F79EFBC}") = "LCMS.S2SLogic", "LCMS.S2SLogic\LCMS.S2SLogic.csproj", "{3EAFACF7-03CB-4BF3-B86C-FA9B9C025CD1}"
EndProject
Project("{2150E333-8FDC-42A3-9474-1A3956D46DE8}") = "Auth", "Auth", "{02EA681E-C7D8-13C7-8484-4AC65E1B71E8}"
EndProject
Project("{FAE04EC0-301F-11D3-BF4B-00C04F79EFBC}") = "Auth.Application", "Auth.Application\Auth.Application.csproj", "{55690FF7-F5F1-4133-B2E4-AF02605732EB}"
EndProject
Project("{FAE04EC0-301F-11D3-BF4B-00C04F79EFBC}") = "LCMS.Utility", "LCMS.Utility\LCMS.Utility.csproj", "{44C05163-C0EF-0430-E535-2ECAB3EA02A1}"
EndProject
Project("{FAE04EC0-301F-11D3-BF4B-00C04F79EFBC}") = "Auth.Infra", "Auth.Infra\Auth.Infra.csproj", "{0BDCB6BE-48D8-46EB-A3E0-D0E7C2F4A5F6}"
EndProject
Project("{FAE04EC0-301F-11D3-BF4B-00C04F79EFBC}") = "Auth.WebAPI", "Auth.WebAPI\Auth.WebAPI.csproj", "{C9027F4B-ECF5-467A-84DA-A4FA9084ED8A}"
EndProject
Global
	GlobalSection(SolutionConfigurationPlatforms) = preSolution
		Debug|Any CPU = Debug|Any CPU
		Release|Any CPU = Release|Any CPU
	EndGlobalSection
	GlobalSection(ProjectConfigurationPlatforms) = postSolution
		{6C90FBC9-61B6-4DED-9EB8-C90854F01A11}.Debug|Any CPU.ActiveCfg = Debug|Any CPU
		{6C90FBC9-61B6-4DED-9EB8-C90854F01A11}.Debug|Any CPU.Build.0 = Debug|Any CPU
		{6C90FBC9-61B6-4DED-9EB8-C90854F01A11}.Release|Any CPU.ActiveCfg = Release|Any CPU
		{6C90FBC9-61B6-4DED-9EB8-C90854F01A11}.Release|Any CPU.Build.0 = Release|Any CPU
		{1E908D1D-98FB-4D2C-B2D1-99CC84190A30}.Debug|Any CPU.ActiveCfg = Debug|Any CPU
		{1E908D1D-98FB-4D2C-B2D1-99CC84190A30}.Debug|Any CPU.Build.0 = Debug|Any CPU
		{1E908D1D-98FB-4D2C-B2D1-99CC84190A30}.Release|Any CPU.ActiveCfg = Release|Any CPU
		{1E908D1D-98FB-4D2C-B2D1-99CC84190A30}.Release|Any CPU.Build.0 = Release|Any CPU
		{1C0E0B1E-99BA-4238-89DB-6106CDCE8594}.Debug|Any CPU.ActiveCfg = Debug|Any CPU
		{1C0E0B1E-99BA-4238-89DB-6106CDCE8594}.Debug|Any CPU.Build.0 = Debug|Any CPU
		{1C0E0B1E-99BA-4238-89DB-6106CDCE8594}.Release|Any CPU.ActiveCfg = Release|Any CPU
		{1C0E0B1E-99BA-4238-89DB-6106CDCE8594}.Release|Any CPU.Build.0 = Release|Any CPU
		{9222A6E5-F752-4CF2-B86D-3D90DD684EFD}.Debug|Any CPU.ActiveCfg = Debug|Any CPU
		{9222A6E5-F752-4CF2-B86D-3D90DD684EFD}.Debug|Any CPU.Build.0 = Debug|Any CPU
		{9222A6E5-F752-4CF2-B86D-3D90DD684EFD}.Release|Any CPU.ActiveCfg = Release|Any CPU
		{9222A6E5-F752-4CF2-B86D-3D90DD684EFD}.Release|Any CPU.Build.0 = Release|Any CPU
		{47286D70-D734-4A1E-8944-6AA812D64D50}.Debug|Any CPU.ActiveCfg = Debug|Any CPU
		{47286D70-D734-4A1E-8944-6AA812D64D50}.Debug|Any CPU.Build.0 = Debug|Any CPU
		{47286D70-D734-4A1E-8944-6AA812D64D50}.Release|Any CPU.ActiveCfg = Release|Any CPU
		{47286D70-D734-4A1E-8944-6AA812D64D50}.Release|Any CPU.Build.0 = Release|Any CPU
		{FA9C9B81-E771-456A-AFBF-F1E0565087DA}.Debug|Any CPU.ActiveCfg = Debug|Any CPU
		{FA9C9B81-E771-456A-AFBF-F1E0565087DA}.Debug|Any CPU.Build.0 = Debug|Any CPU
		{FA9C9B81-E771-456A-AFBF-F1E0565087DA}.Release|Any CPU.ActiveCfg = Release|Any CPU
		{FA9C9B81-E771-456A-AFBF-F1E0565087DA}.Release|Any CPU.Build.0 = Release|Any CPU
		{2C37B023-EE2D-4A88-9117-A708AC92DD58}.Debug|Any CPU.ActiveCfg = Debug|Any CPU
		{2C37B023-EE2D-4A88-9117-A708AC92DD58}.Debug|Any CPU.Build.0 = Debug|Any CPU
		{2C37B023-EE2D-4A88-9117-A708AC92DD58}.Release|Any CPU.ActiveCfg = Release|Any CPU
		{2C37B023-EE2D-4A88-9117-A708AC92DD58}.Release|Any CPU.Build.0 = Release|Any CPU
		{BBD16D4A-5EF9-4E0D-B8A4-8D3639A54E26}.Debug|Any CPU.ActiveCfg = Debug|Any CPU
		{BBD16D4A-5EF9-4E0D-B8A4-8D3639A54E26}.Debug|Any CPU.Build.0 = Debug|Any CPU
		{BBD16D4A-5EF9-4E0D-B8A4-8D3639A54E26}.Release|Any CPU.ActiveCfg = Release|Any CPU
		{BBD16D4A-5EF9-4E0D-B8A4-8D3639A54E26}.Release|Any CPU.Build.0 = Release|Any CPU
		{3EAFACF7-03CB-4BF3-B86C-FA9B9C025CD1}.Debug|Any CPU.ActiveCfg = Debug|Any CPU
		{3EAFACF7-03CB-4BF3-B86C-FA9B9C025CD1}.Debug|Any CPU.Build.0 = Debug|Any CPU
		{3EAFACF7-03CB-4BF3-B86C-FA9B9C025CD1}.Release|Any CPU.ActiveCfg = Release|Any CPU
		{3EAFACF7-03CB-4BF3-B86C-FA9B9C025CD1}.Release|Any CPU.Build.0 = Release|Any CPU
		{55690FF7-F5F1-4133-B2E4-AF02605732EB}.Debug|Any CPU.ActiveCfg = Debug|Any CPU
		{55690FF7-F5F1-4133-B2E4-AF02605732EB}.Debug|Any CPU.Build.0 = Debug|Any CPU
		{55690FF7-F5F1-4133-B2E4-AF02605732EB}.Release|Any CPU.ActiveCfg = Release|Any CPU
		{55690FF7-F5F1-4133-B2E4-AF02605732EB}.Release|Any CPU.Build.0 = Release|Any CPU
		{44C05163-C0EF-0430-E535-2ECAB3EA02A1}.Debug|Any CPU.ActiveCfg = Debug|Any CPU
		{44C05163-C0EF-0430-E535-2ECAB3EA02A1}.Debug|Any CPU.Build.0 = Debug|Any CPU
		{44C05163-C0EF-0430-E535-2ECAB3EA02A1}.Release|Any CPU.ActiveCfg = Release|Any CPU
		{44C05163-C0EF-0430-E535-2ECAB3EA02A1}.Release|Any CPU.Build.0 = Release|Any CPU
		{0BDCB6BE-48D8-46EB-A3E0-D0E7C2F4A5F6}.Debug|Any CPU.ActiveCfg = Debug|Any CPU
		{0BDCB6BE-48D8-46EB-A3E0-D0E7C2F4A5F6}.Debug|Any CPU.Build.0 = Debug|Any CPU
		{0BDCB6BE-48D8-46EB-A3E0-D0E7C2F4A5F6}.Release|Any CPU.ActiveCfg = Release|Any CPU
		{0BDCB6BE-48D8-46EB-A3E0-D0E7C2F4A5F6}.Release|Any CPU.Build.0 = Release|Any CPU
		{C9027F4B-ECF5-467A-84DA-A4FA9084ED8A}.Debug|Any CPU.ActiveCfg = Debug|Any CPU
		{C9027F4B-ECF5-467A-84DA-A4FA9084ED8A}.Debug|Any CPU.Build.0 = Debug|Any CPU
		{C9027F4B-ECF5-467A-84DA-A4FA9084ED8A}.Release|Any CPU.ActiveCfg = Release|Any CPU
		{C9027F4B-ECF5-467A-84DA-A4FA9084ED8A}.Release|Any CPU.Build.0 = Release|Any CPU
	EndGlobalSection
	GlobalSection(SolutionProperties) = preSolution
		HideSolutionNode = FALSE
	EndGlobalSection
	GlobalSection(NestedProjects) = preSolution
		{6C90FBC9-61B6-4DED-9EB8-C90854F01A11} = {6102DA8F-7E7F-486B-AFCA-D833672E32CE}
		{1E908D1D-98FB-4D2C-B2D1-99CC84190A30} = {6102DA8F-7E7F-486B-AFCA-D833672E32CE}
		{1C0E0B1E-99BA-4238-89DB-6106CDCE8594} = {79B7E8D5-2FB2-445D-ACA9-F4EC84FED31D}
		{9222A6E5-F752-4CF2-B86D-3D90DD684EFD} = {4DCDC050-9C11-495E-944D-DB07C5DAECC3}
		{47286D70-D734-4A1E-8944-6AA812D64D50} = {6102DA8F-7E7F-486B-AFCA-D833672E32CE}
		{FA9C9B81-E771-456A-AFBF-F1E0565087DA} = {6102DA8F-7E7F-486B-AFCA-D833672E32CE}
		{2C37B023-EE2D-4A88-9117-A708AC92DD58} = {79B7E8D5-2FB2-445D-ACA9-F4EC84FED31D}
		{BBD16D4A-5EF9-4E0D-B8A4-8D3639A54E26} = {79B7E8D5-2FB2-445D-ACA9-F4EC84FED31D}
		{3EAFACF7-03CB-4BF3-B86C-FA9B9C025CD1} = {79B7E8D5-2FB2-445D-ACA9-F4EC84FED31D}
		{55690FF7-F5F1-4133-B2E4-AF02605732EB} = {02EA681E-C7D8-13C7-8484-4AC65E1B71E8}
		{44C05163-C0EF-0430-E535-2ECAB3EA02A1} = {79B7E8D5-2FB2-445D-ACA9-F4EC84FED31D}
		{0BDCB6BE-48D8-46EB-A3E0-D0E7C2F4A5F6} = {02EA681E-C7D8-13C7-8484-4AC65E1B71E8}
		{C9027F4B-ECF5-467A-84DA-A4FA9084ED8A} = {02EA681E-C7D8-13C7-8484-4AC65E1B71E8}
	EndGlobalSection
	GlobalSection(ExtensibilityGlobals) = postSolution
		SolutionGuid = {E5FCABAC-1069-4DBF-B15E-E1C0FB9C881B}
	EndGlobalSection
EndGlobal
